
Microsoft Visual Studio Solution File, Format Version 12.00
# Visual Studio Version 16
VisualStudioVersion = 16.0.31321.278
MinimumVisualStudioVersion = 10.0.40219.1
Project("{FAE04EC0-301F-11D3-BF4B-00C04F79EFBC}") = "NoCuffedKill", "NoCuffedKill\NoCuffedKill.csproj", "{527A39CC-A9D0-4036-8F22-6D44B7BF328E}"
EndProject
Global
	GlobalSection(SolutionConfigurationPlatforms) = preSolution
		Debug|Any CPU = Debug|Any CPU
		Release|Any CPU = Release|Any CPU
	EndGlobalSection
	GlobalSection(ProjectConfigurationPlatforms) = postSolution
		{527A39CC-A9D0-4036-8F22-6D44B7BF328E}.Debug|Any CPU.ActiveCfg = Debug|Any CPU
		{527A39CC-A9D0-4036-8F22-6D44B7BF328E}.Debug|Any CPU.Build.0 = Debug|Any CPU
		{527A39CC-A9D0-4036-8F22-6D44B7BF328E}.Release|Any CPU.ActiveCfg = Release|Any CPU
		{527A39CC-A9D0-4036-8F22-6D44B7BF328E}.Release|Any CPU.Build.0 = Release|Any CPU
	EndGlobalSection
	GlobalSection(SolutionProperties) = preSolution
		HideSolutionNode = FALSE
	EndGlobalSection
	GlobalSection(ExtensibilityGlobals) = postSolution
		SolutionGuid = {96BED1DE-8DDE-4611-9B5D-F1087AEA5976}
	EndGlobalSection
EndGlobal
